{
  "version": 4,
  "terraform_version": "1.0.11",
  "serial": 162,
  "lineage": "dc40af6c-0ff1-dfdf-779f-de113b31b11a",
  "outputs": {},
  "resources": [
    {
      "mode": "managed",
      "type": "aws_db_subnet_group",
      "name": "subnet-group-rds",
      "provider": "provider[\"registry.terraform.io/hashicorp/aws\"]",
      "instances": [
        {
          "schema_version": 0,
          "attributes": {
            "arn": "arn:aws:rds:us-east-1:377340475530:subgrp:deploy9-subnet-group",
            "description": "Managed by Terraform",
            "id": "deploy9-subnet-group",
            "name": "deploy9-subnet-group",
            "name_prefix": null,
            "subnet_ids": [
              "subnet-001b9858cf99dd78a",
              "subnet-02bd3fdb5d5669003"
            ],
            "tags": {
              "Name": "Deploy9 DB subnet group"
            },
            "tags_all": {
              "Deployment": "DEPLOYMENT_09_TERRAFORM",
              "Name": "Deploy9 DB subnet group",
              "Team": "Kura Labs"
            }
          },
          "sensitive_attributes": [],
          "private": "bnVsbA==",
          "dependencies": [
            "aws_subnet.internal01",
            "aws_subnet.internal02",
            "aws_vpc.main"
          ]
        }
      ]
    },
    {
      "mode": "managed",
      "type": "aws_subnet",
      "name": "internal01",
      "provider": "provider[\"registry.terraform.io/hashicorp/aws\"]",
      "instances": [
        {
          "schema_version": 1,
          "attributes": {
            "arn": "arn:aws:ec2:us-east-1:377340475530:subnet/subnet-001b9858cf99dd78a",
            "assign_ipv6_address_on_creation": false,
            "availability_zone": "us-east-1a",
            "availability_zone_id": "use1-az4",
            "cidr_block": "10.0.5.0/24",
            "customer_owned_ipv4_pool": "",
            "id": "subnet-001b9858cf99dd78a",
            "ipv6_cidr_block": "",
            "ipv6_cidr_block_association_id": "",
            "map_customer_owned_ip_on_launch": false,
            "map_public_ip_on_launch": false,
            "outpost_arn": "",
            "owner_id": "377340475530",
            "tags": {
              "Name": "Internal01"
            },
            "tags_all": {
              "Deployment": "DEPLOYMENT_09_TERRAFORM",
              "Name": "Internal01",
              "Team": "Kura Labs"
            },
            "timeouts": null,
            "vpc_id": "vpc-0d428b9a007cf378d"
          },
          "sensitive_attributes": [],
          "private": "eyJlMmJmYjczMC1lY2FhLTExZTYtOGY4OC0zNDM2M2JjN2M0YzAiOnsiY3JlYXRlIjo2MDAwMDAwMDAwMDAsImRlbGV0ZSI6MTIwMDAwMDAwMDAwMH0sInNjaGVtYV92ZXJzaW9uIjoiMSJ9",
          "dependencies": [
            "aws_vpc.main"
          ]
        }
      ]
    },
    {
      "mode": "managed",
      "type": "aws_subnet",
      "name": "internal02",
      "provider": "provider[\"registry.terraform.io/hashicorp/aws\"]",
      "instances": [
        {
          "schema_version": 1,
          "attributes": {
            "arn": "arn:aws:ec2:us-east-1:377340475530:subnet/subnet-02bd3fdb5d5669003",
            "assign_ipv6_address_on_creation": false,
            "availability_zone": "us-east-1b",
            "availability_zone_id": "use1-az6",
            "cidr_block": "10.0.6.0/24",
            "customer_owned_ipv4_pool": "",
            "id": "subnet-02bd3fdb5d5669003",
            "ipv6_cidr_block": "",
            "ipv6_cidr_block_association_id": "",
            "map_customer_owned_ip_on_launch": false,
            "map_public_ip_on_launch": false,
            "outpost_arn": "",
            "owner_id": "377340475530",
            "tags": {
              "Name": "Internal02"
            },
            "tags_all": {
              "Deployment": "DEPLOYMENT_09_TERRAFORM",
              "Name": "Internal02",
              "Team": "Kura Labs"
            },
            "timeouts": null,
            "vpc_id": "vpc-0d428b9a007cf378d"
          },
          "sensitive_attributes": [],
          "private": "eyJlMmJmYjczMC1lY2FhLTExZTYtOGY4OC0zNDM2M2JjN2M0YzAiOnsiY3JlYXRlIjo2MDAwMDAwMDAwMDAsImRlbGV0ZSI6MTIwMDAwMDAwMDAwMH0sInNjaGVtYV92ZXJzaW9uIjoiMSJ9",
          "dependencies": [
            "aws_vpc.main"
          ]
        }
      ]
    },
    {
      "mode": "managed",
      "type": "aws_vpc",
      "name": "main",
      "provider": "provider[\"registry.terraform.io/hashicorp/aws\"]",
      "instances": [
        {
          "schema_version": 1,
          "attributes": {
            "arn": "arn:aws:ec2:us-east-1:377340475530:vpc/vpc-0d428b9a007cf378d",
            "assign_generated_ipv6_cidr_block": false,
            "cidr_block": "10.0.0.0/18",
            "default_network_acl_id": "acl-0dcd8ccdc10a7012b",
            "default_route_table_id": "rtb-0a34dab244db47c45",
            "default_security_group_id": "sg-0049b489abeca73bc",
            "dhcp_options_id": "dopt-22736858",
            "enable_classiclink": false,
            "enable_classiclink_dns_support": false,
            "enable_dns_hostnames": false,
            "enable_dns_support": true,
            "id": "vpc-0d428b9a007cf378d",
            "instance_tenancy": "default",
            "ipv4_ipam_pool_id": null,
            "ipv4_netmask_length": null,
            "ipv6_association_id": "",
            "ipv6_cidr_block": "",
            "ipv6_ipam_pool_id": null,
            "ipv6_netmask_length": null,
            "main_route_table_id": "rtb-0a34dab244db47c45",
            "owner_id": "377340475530",
            "tags": {
              "Name": "Main VPC"
            },
            "tags_all": {
              "Deployment": "DEPLOYMENT_09_TERRAFORM",
              "Name": "Main VPC",
              "Team": "Kura Labs"
            }
          },
          "sensitive_attributes": [],
          "private": "eyJzY2hlbWFfdmVyc2lvbiI6IjEifQ=="
        }
      ]
    }
  ]
}
